// !$*UTF8*$!
{
	archiveVersion = 1;
	classes = {
	};
	objectVersion = 77;
	objects = {

/* Begin PBXBuildFile section */
		A09F1DAA2CACF8DC00F9AE7F /* WebSocketApp in Frameworks */ = {isa = PBXBuildFile; productRef = A09F1DA92CACF8DC00F9AE7F /* WebSocketApp */; };
/* End PBXBuildFile section */

/* Begin PBXContainerItemProxy section */
		A06D8BCA2CACCB1E005E3909 /* PBXContainerItemProxy */ = {
			isa = PBXContainerItemProxy;
			containerPortal = A06D8BB12CACCB1B005E3909 /* Project object */;
			proxyType = 1;
			remoteGlobalIDString = A06D8BB82CACCB1B005E3909;
			remoteInfo = WebSocket;
		};
		A06D8BD42CACCB1E005E3909 /* PBXContainerItemProxy */ = {
			isa = PBXContainerItemProxy;
			containerPortal = A06D8BB12CACCB1B005E3909 /* Project object */;
			proxyType = 1;
			remoteGlobalIDString = A06D8BB82CACCB1B005E3909;
			remoteInfo = WebSocket;
		};
/* End PBXContainerItemProxy section */

/* Begin PBXFileReference section */
		A06D8BB92CACCB1B005E3909 /* WebSocket.app */ = {isa = PBXFileReference; explicitFileType = wrapper.application; includeInIndex = 0; path = WebSocket.app; sourceTree = BUILT_PRODUCTS_DIR; };
		A06D8BC92CACCB1E005E3909 /* WebSocketTests.xctest */ = {isa = PBXFileReference; explicitFileType = wrapper.cfbundle; includeInIndex = 0; path = WebSocketTests.xctest; sourceTree = BUILT_PRODUCTS_DIR; };
		A06D8BD32CACCB1E005E3909 /* WebSocketUITests.xctest */ = {isa = PBXFileReference; explicitFileType = wrapper.cfbundle; includeInIndex = 0; path = WebSocketUITests.xctest; sourceTree = BUILT_PRODUCTS_DIR; };
		A06D8BE62CACCC0F005E3909 /* WebSocketPackage */ = {isa = PBXFileReference; lastKnownFileType = wrapper; path = WebSocketPackage; sourceTree = "<group>"; };
/* End PBXFileReference section */

/* Begin PBXFileSystemSynchronizedRootGroup section */
		A06D8BBB2CACCB1B005E3909 /* WebSocket */ = {
			isa = PBXFileSystemSynchronizedRootGroup;
			path = WebSocket;
			sourceTree = "<group>";
		};
		A06D8BCC2CACCB1E005E3909 /* WebSocketTests */ = {
			isa = PBXFileSystemSynchronizedRootGroup;
			path = WebSocketTests;
			sourceTree = "<group>";
		};
		A06D8BD62CACCB1E005E3909 /* WebSocketUITests */ = {
			isa = PBXFileSystemSynchronizedRootGroup;
			path = WebSocketUITests;
			sourceTree = "<group>";
		};
/* End PBXFileSystemSynchronizedRootGroup section */

/* Begin PBXFrameworksBuildPhase section */
		A06D8BB62CACCB1B005E3909 /* Frameworks */ = {
			isa = PBXFrameworksBuildPhase;
			buildActionMask = 2147483647;
			files = (
				A09F1DAA2CACF8DC00F9AE7F /* WebSocketApp in Frameworks */,
			);
			runOnlyForDeploymentPostprocessing = 0;
		};
		A06D8BC62CACCB1E005E3909 /* Frameworks */ = {
			isa = PBXFrameworksBuildPhase;
			buildActionMask = 2147483647;
			files = (
			);
			runOnlyForDeploymentPostprocessing = 0;
		};
		A06D8BD02CACCB1E005E3909 /* Frameworks */ = {
			isa = PBXFrameworksBuildPhase;
			buildActionMask = 2147483647;
			files = (
			);
			runOnlyForDeploymentPostprocessing = 0;
		};
/* End PBXFrameworksBuildPhase section */

/* Begin PBXGroup section */
		A06D8BB02CACCB1B005E3909 = {
			isa = PBXGroup;
			children = (
				A06D8BE62CACCC0F005E3909 /* WebSocketPackage */,
				A06D8BBB2CACCB1B005E3909 /* WebSocket */,
				A06D8BCC2CACCB1E005E3909 /* WebSocketTests */,
				A06D8BD62CACCB1E005E3909 /* WebSocketUITests */,
				A09F1DA82CACF8DC00F9AE7F /* Frameworks */,
				A06D8BBA2CACCB1B005E3909 /* Products */,
			);
			sourceTree = "<group>";
		};
		A06D8BBA2CACCB1B005E3909 /* Products */ = {
			isa = PBXGroup;
			children = (
				A06D8BB92CACCB1B005E3909 /* WebSocket.app */,
				A06D8BC92CACCB1E005E3909 /* WebSocketTests.xctest */,
				A06D8BD32CACCB1E005E3909 /* WebSocketUITests.xctest */,
			);
			name = Products;
			sourceTree = "<group>";
		};
		A09F1DA82CACF8DC00F9AE7F /* Frameworks */ = {
			isa = PBXGroup;
			children = (
			);
			name = Frameworks;
			sourceTree = "<group>";
		};
/* End PBXGroup section */

/* Begin PBXNativeTarget section */
		A06D8BB82CACCB1B005E3909 /* WebSocket */ = {
			isa = PBXNativeTarget;
			buildConfigurationList = A06D8BDD2CACCB1E005E3909 /* Build configuration list for PBXNativeTarget "WebSocket" */;
			buildPhases = (
				A06D8BB52CACCB1B005E3909 /* Sources */,
				A06D8BB62CACCB1B005E3909 /* Frameworks */,
				A06D8BB72CACCB1B005E3909 /* Resources */,
			);
			buildRules = (
			);
			dependencies = (
			);
			fileSystemSynchronizedGroups = (
				A06D8BBB2CACCB1B005E3909 /* WebSocket */,
			);
			name = WebSocket;
			packageProductDependencies = (
				A09F1DA92CACF8DC00F9AE7F /* WebSocketApp */,
			);
			productName = WebSocket;
			productReference = A06D8BB92CACCB1B005E3909 /* WebSocket.app */;
			productType = "com.apple.product-type.application";
		};
		A06D8BC82CACCB1E005E3909 /* WebSocketTests */ = {
			isa = PBXNativeTarget;
			buildConfigurationList = A06D8BE02CACCB1E005E3909 /* Build configuration list for PBXNativeTarget "WebSocketTests" */;
			buildPhases = (
				A06D8BC52CACCB1E005E3909 /* Sources */,
				A06D8BC62CACCB1E005E3909 /* Frameworks */,
				A06D8BC72CACCB1E005E3909 /* Resources */,
			);
			buildRules = (
			);
			dependencies = (
				A06D8BCB2CACCB1E005E3909 /* PBXTargetDependency */,
			);
			fileSystemSynchronizedGroups = (
				A06D8BCC2CACCB1E005E3909 /* WebSocketTests */,
			);
			name = WebSocketTests;
			packageProductDependencies = (
			);
			productName = WebSocketTests;
			productReference = A06D8BC92CACCB1E005E3909 /* WebSocketTests.xctest */;
			productType = "com.apple.product-type.bundle.unit-test";
		};
		A06D8BD22CACCB1E005E3909 /* WebSocketUITests */ = {
			isa = PBXNativeTarget;
			buildConfigurationList = A06D8BE32CACCB1E005E3909 /* Build configuration list for PBXNativeTarget "WebSocketUITests" */;
			buildPhases = (
				A06D8BCF2CACCB1E005E3909 /* Sources */,
				A06D8BD02CACCB1E005E3909 /* Frameworks */,
				A06D8BD12CACCB1E005E3909 /* Resources */,
			);
			buildRules = (
			);
			dependencies = (
				A06D8BD52CACCB1E005E3909 /* PBXTargetDependency */,
			);
			fileSystemSynchronizedGroups = (
				A06D8BD62CACCB1E005E3909 /* WebSocketUITests */,
			);
			name = WebSocketUITests;
			packageProductDependencies = (
			);
			productName = WebSocketUITests;
			productReference = A06D8BD32CACCB1E005E3909 /* WebSocketUITests.xctest */;
			productType = "com.apple.product-type.bundle.ui-testing";
		};
/* End PBXNativeTarget section */

/* Begin PBXProject section */
		A06D8BB12CACCB1B005E3909 /* Project object */ = {
			isa = PBXProject;
			attributes = {
				BuildIndependentTargetsInParallel = 1;
				LastSwiftUpdateCheck = 1600;
				LastUpgradeCheck = 1600;
				TargetAttributes = {
					A06D8BB82CACCB1B005E3909 = {
						CreatedOnToolsVersion = 16.0;
					};
					A06D8BC82CACCB1E005E3909 = {
						CreatedOnToolsVersion = 16.0;
						TestTargetID = A06D8BB82CACCB1B005E3909;
					};
					A06D8BD22CACCB1E005E3909 = {
						CreatedOnToolsVersion = 16.0;
						TestTargetID = A06D8BB82CACCB1B005E3909;
					};
				};
			};
			buildConfigurationList = A06D8BB42CACCB1B005E3909 /* Build configuration list for PBXProject "WebSocket" */;
			developmentRegion = en;
			hasScannedForEncodings = 0;
			knownRegions = (
				en,
				Base,
			);
			mainGroup = A06D8BB02CACCB1B005E3909;
			minimizedProjectReferenceProxies = 1;
			preferredProjectObjectVersion = 77;
			productRefGroup = A06D8BBA2CACCB1B005E3909 /* Products */;
			projectDirPath = "";
			projectRoot = "";
			targets = (
				A06D8BB82CACCB1B005E3909 /* WebSocket */,
				A06D8BC82CACCB1E005E3909 /* WebSocketTests */,
				A06D8BD22CACCB1E005E3909 /* WebSocketUITests */,
			);
		};
/* End PBXProject section */

/* Begin PBXResourcesBuildPhase section */
		A06D8BB72CACCB1B005E3909 /* Resources */ = {
			isa = PBXResourcesBuildPhase;
			buildActionMask = 2147483647;
			files = (
			);
			runOnlyForDeploymentPostprocessing = 0;
		};
		A06D8BC72CACCB1E005E3909 /* Resources */ = {
			isa = PBXResourcesBuildPhase;
			buildActionMask = 2147483647;
			files = (
			);
			runOnlyForDeploymentPostprocessing = 0;
		};
		A06D8BD12CACCB1E005E3909 /* Resources */ = {
			isa = PBXResourcesBuildPhase;
			buildActionMask = 2147483647;
			files = (
			);
			runOnlyForDeploymentPostprocessing = 0;
		};
/* End PBXResourcesBuildPhase section */

/* Begin PBXSourcesBuildPhase section */
		A06D8BB52CACCB1B005E3909 /* Sources */ = {
			isa = PBXSourcesBuildPhase;
			buildActionMask = 2147483647;
			files = (
			);
			runOnlyForDeploymentPostprocessing = 0;
		};
		A06D8BC52CACCB1E005E3909 /* Sources */ = {
			isa = PBXSourcesBuildPhase;
			buildActionMask = 2147483647;
			files = (
			);
			runOnlyForDeploymentPostprocessing = 0;
		};
		A06D8BCF2CACCB1E005E3909 /* Sources */ = {
			isa = PBXSourcesBuildPhase;
			buildActionMask = 2147483647;
			files = (
			);
			runOnlyForDeploymentPostprocessing = 0;
		};
/* End PBXSourcesBuildPhase section */

/* Begin PBXTargetDependency section */
		A06D8BCB2CACCB1E005E3909 /* PBXTargetDependency */ = {
			isa = PBXTargetDependency;
			target = A06D8BB82CACCB1B005E3909 /* WebSocket */;
			targetProxy = A06D8BCA2CACCB1E005E3909 /* PBXContainerItemProxy */;
		};
		A06D8BD52CACCB1E005E3909 /* PBXTargetDependency */ = {
			isa = PBXTargetDependency;
			target = A06D8BB82CACCB1B005E3909 /* WebSocket */;
			targetProxy = A06D8BD42CACCB1E005E3909 /* PBXContainerItemProxy */;
		};
/* End PBXTargetDependency section */

/* Begin XCBuildConfiguration section */
		A06D8BDB2CACCB1E005E3909 /* Debug */ = {
			isa = XCBuildConfiguration;
			buildSettings = {
				ALWAYS_SEARCH_USER_PATHS = NO;
				ASSETCATALOG_COMPILER_GENERATE_SWIFT_ASSET_SYMBOL_EXTENSIONS = YES;
				CLANG_ANALYZER_NONNULL = YES;
				CLANG_ANALYZER_NUMBER_OBJECT_CONVERSION = YES_AGGRESSIVE;
				CLANG_CXX_LANGUAGE_STANDARD = "gnu++20";
				CLANG_ENABLE_MODULES = YES;
				CLANG_ENABLE_OBJC_ARC = YES;
				CLANG_ENABLE_OBJC_WEAK = YES;
				CLANG_WARN_BLOCK_CAPTURE_AUTORELEASING = YES;
				CLANG_WARN_BOOL_CONVERSION = YES;
				CLANG_WARN_COMMA = YES;
				CLANG_WARN_CONSTANT_CONVERSION = YES;
				CLANG_WARN_DEPRECATED_OBJC_IMPLEMENTATIONS = YES;
				CLANG_WARN_DIRECT_OBJC_ISA_USAGE = YES_ERROR;
				CLANG_WARN_DOCUMENTATION_COMMENTS = YES;
				CLANG_WARN_EMPTY_BODY = YES;
				CLANG_WARN_ENUM_CONVERSION = YES;
				CLANG_WARN_INFINITE_RECURSION = YES;
				CLANG_WARN_INT_CONVERSION = YES;
				CLANG_WARN_NON_LITERAL_NULL_CONVERSION = YES;
				CLANG_WARN_OBJC_IMPLICIT_RETAIN_SELF = YES;
				CLANG_WARN_OBJC_LITERAL_CONVERSION = YES;
				CLANG_WARN_OBJC_ROOT_CLASS = YES_ERROR;
				CLANG_WARN_QUOTED_INCLUDE_IN_FRAMEWORK_HEADER = YES;
				CLANG_WARN_RANGE_LOOP_ANALYSIS = YES;
				CLANG_WARN_STRICT_PROTOTYPES = YES;
				CLANG_WARN_SUSPICIOUS_MOVE = YES;
				CLANG_WARN_UNGUARDED_AVAILABILITY = YES_AGGRESSIVE;
				CLANG_WARN_UNREACHABLE_CODE = YES;
				CLANG_WARN__DUPLICATE_METHOD_MATCH = YES;
				COPY_PHASE_STRIP = NO;
				DEBUG_INFORMATION_FORMAT = dwarf;
				ENABLE_STRICT_OBJC_MSGSEND = YES;
				ENABLE_TESTABILITY = YES;
				ENABLE_USER_SCRIPT_SANDBOXING = YES;
				GCC_C_LANGUAGE_STANDARD = gnu17;
				GCC_DYNAMIC_NO_PIC = NO;
				GCC_NO_COMMON_BLOCKS = YES;
				GCC_OPTIMIZATION_LEVEL = 0;
				GCC_PREPROCESSOR_DEFINITIONS = (
					"DEBUG=1",
					"$(inherited)",
				);
				GCC_WARN_64_TO_32_BIT_CONVERSION = YES;
				GCC_WARN_ABOUT_RETURN_TYPE = YES_ERROR;
				GCC_WARN_UNDECLARED_SELECTOR = YES;
				GCC_WARN_UNINITIALIZED_AUTOS = YES_AGGRESSIVE;
				GCC_WARN_UNUSED_FUNCTION = YES;
				GCC_WARN_UNUSED_VARIABLE = YES;
				IPHONEOS_DEPLOYMENT_TARGET = 18.0;
				LOCALIZATION_PREFERS_STRING_CATALOGS = YES;
				MTL_ENABLE_DEBUG_INFO = INCLUDE_SOURCE;
				MTL_FAST_MATH = YES;
				ONLY_ACTIVE_ARCH = YES;
				SDKROOT = iphoneos;
				SWIFT_ACTIVE_COMPILATION_CONDITIONS = "DEBUG $(inherited)";
				SWIFT_OPTIMIZATION_LEVEL = "-Onone";
			};
			name = Debug;
		};
		A06D8BDC2CACCB1E005E3909 /* Release */ = {
			isa = XCBuildConfiguration;
			buildSettings = {
				ALWAYS_SEARCH_USER_PATHS = NO;
				ASSETCATALOG_COMPILER_GENERATE_SWIFT_ASSET_SYMBOL_EXTENSIONS = YES;
				CLANG_ANALYZER_NONNULL = YES;
				CLANG_ANALYZER_NUMBER_OBJECT_CONVERSION = YES_AGGRESSIVE;
				CLANG_CXX_LANGUAGE_STANDARD = "gnu++20";
				CLANG_ENABLE_MODULES = YES;
				CLANG_ENABLE_OBJC_ARC = YES;
				CLANG_ENABLE_OBJC_WEAK = YES;
				CLANG_WARN_BLOCK_CAPTURE_AUTORELEASING = YES;
				CLANG_WARN_BOOL_CONVERSION = YES;
				CLANG_WARN_COMMA = YES;
				CLANG_WARN_CONSTANT_CONVERSION = YES;
				CLANG_WARN_DEPRECATED_OBJC_IMPLEMENTATIONS = YES;
				CLANG_WARN_DIRECT_OBJC_ISA_USAGE = YES_ERROR;
				CLANG_WARN_DOCUMENTATION_COMMENTS = YES;
				CLANG_WARN_EMPTY_BODY = YES;
				CLANG_WARN_ENUM_CONVERSION = YES;
				CLANG_WARN_INFINITE_RECURSION = YES;
				CLANG_WARN_INT_CONVERSION = YES;
				CLANG_WARN_NON_LITERAL_NULL_CONVERSION = YES;
				CLANG_WARN_OBJC_IMPLICIT_RETAIN_SELF = YES;
				CLANG_WARN_OBJC_LITERAL_CONVERSION = YES;
				CLANG_WARN_OBJC_ROOT_CLASS = YES_ERROR;
				CLANG_WARN_QUOTED_INCLUDE_IN_FRAMEWORK_HEADER = YES;
				CLANG_WARN_RANGE_LOOP_ANALYSIS = YES;
				CLANG_WARN_STRICT_PROTOTYPES = YES;
				CLANG_WARN_SUSPICIOUS_MOVE = YES;
				CLANG_WARN_UNGUARDED_AVAILABILITY = YES_AGGRESSIVE;
				CLANG_WARN_UNREACHABLE_CODE = YES;
				CLANG_WARN__DUPLICATE_METHOD_MATCH = YES;
				COPY_PHASE_STRIP = NO;
				DEBUG_INFORMATION_FORMAT = "dwarf-with-dsym";
				ENABLE_NS_ASSERTIONS = NO;
				ENABLE_STRICT_OBJC_MSGSEND = YES;
				ENABLE_USER_SCRIPT_SANDBOXING = YES;
				GCC_C_LANGUAGE_STANDARD = gnu17;
				GCC_NO_COMMON_BLOCKS = YES;
				GCC_WARN_64_TO_32_BIT_CONVERSION = YES;
				GCC_WARN_ABOUT_RETURN_TYPE = YES_ERROR;
				GCC_WARN_UNDECLARED_SELECTOR = YES;
				GCC_WARN_UNINITIALIZED_AUTOS = YES_AGGRESSIVE;
				GCC_WARN_UNUSED_FUNCTION = YES;
				GCC_WARN_UNUSED_VARIABLE = YES;
				IPHONEOS_DEPLOYMENT_TARGET = 18.0;
				LOCALIZATION_PREFERS_STRING_CATALOGS = YES;
				MTL_ENABLE_DEBUG_INFO = NO;
				MTL_FAST_MATH = YES;
				SDKROOT = iphoneos;
				SWIFT_COMPILATION_MODE = wholemodule;
				VALIDATE_PRODUCT = YES;
			};
			name = Release;
		};
		A06D8BDE2CACCB1E005E3909 /* Debug */ = {
			isa = XCBuildConfiguration;
			buildSettings = {
				ASSETCATALOG_COMPILER_APPICON_NAME = AppIcon;
				ASSETCATALOG_COMPILER_GLOBAL_ACCENT_COLOR_NAME = AccentColor;
				CODE_SIGN_STYLE = Automatic;
				CURRENT_PROJECT_VERSION = 1;
				DEVELOPMENT_ASSET_PATHS = "\"WebSocket/Preview Content\"";
				DEVELOPMENT_TEAM = Q65RWG7K4X;
				ENABLE_PREVIEWS = YES;
				GENERATE_INFOPLIST_FILE = YES;
				INFOPLIST_KEY_UIApplicationSceneManifest_Generation = YES;
				INFOPLIST_KEY_UIApplicationSupportsIndirectInputEvents = YES;
				INFOPLIST_KEY_UILaunchScreen_Generation = YES;
				INFOPLIST_KEY_UISupportedInterfaceOrientations_iPad = "UIInterfaceOrientationPortrait UIInterfaceOrientationPortraitUpsideDown UIInterfaceOrientationLandscapeLeft UIInterfaceOrientationLandscapeRight";
				INFOPLIST_KEY_UISupportedInterfaceOrientations_iPhone = "UIInterfaceOrientationPortrait UIInterfaceOrientationLandscapeLeft UIInterfaceOrientationLandscapeRight";
				LD_RUNPATH_SEARCH_PATHS = (
					"$(inherited)",
					"@executable_path/Frameworks",
				);
				MARKETING_VERSION = 1.0;
				PRODUCT_BUNDLE_IDENTIFIER = co.com.pinkpork.WebSocket;
				PRODUCT_NAME = "$(TARGET_NAME)";
				SWIFT_EMIT_LOC_STRINGS = YES;
				SWIFT_VERSION = 5.0;
				TARGETED_DEVICE_FAMILY = "1,2";
			};
			name = Debug;
		};
		A06D8BDF2CACCB1E005E3909 /* Release */ = {
			isa = XCBuildConfiguration;
			buildSettings = {
				ASSETCATALOG_COMPILER_APPICON_NAME = AppIcon;
				ASSETCATALOG_COMPILER_GLOBAL_ACCENT_COLOR_NAME = AccentColor;
				CODE_SIGN_STYLE = Automatic;
				CURRENT_PROJECT_VERSION = 1;
				DEVELOPMENT_ASSET_PATHS = "\"WebSocket/Preview Content\"";
				DEVELOPMENT_TEAM = Q65RWG7K4X;
				ENABLE_PREVIEWS = YES;
				GENERATE_INFOPLIST_FILE = YES;
				INFOPLIST_KEY_UIApplicationSceneManifest_Generation = YES;
				INFOPLIST_KEY_UIApplicationSupportsIndirectInputEvents = YES;
				INFOPLIST_KEY_UILaunchScreen_Generation = YES;
				INFOPLIST_KEY_UISupportedInterfaceOrientations_iPad = "UIInterfaceOrientationPortrait UIInterfaceOrientationPortraitUpsideDown UIInterfaceOrientationLandscapeLeft UIInterfaceOrientationLandscapeRight";
				INFOPLIST_KEY_UISupportedInterfaceOrientations_iPhone = "UIInterfaceOrientationPortrait UIInterfaceOrientationLandscapeLeft UIInterfaceOrientationLandscapeRight";
				LD_RUNPATH_SEARCH_PATHS = (
					"$(inherited)",
					"@executable_path/Frameworks",
				);
				MARKETING_VERSION = 1.0;
				PRODUCT_BUNDLE_IDENTIFIER = co.com.pinkpork.WebSocket;
				PRODUCT_NAME = "$(TARGET_NAME)";
				SWIFT_EMIT_LOC_STRINGS = YES;
				SWIFT_VERSION = 5.0;
				TARGETED_DEVICE_FAMILY = "1,2";
			};
			name = Release;
		};
		A06D8BE12CACCB1E005E3909 /* Debug */ = {
			isa = XCBuildConfiguration;
			buildSettings = {
				BUNDLE_LOADER = "$(TEST_HOST)";
				CODE_SIGN_STYLE = Automatic;
				CURRENT_PROJECT_VERSION = 1;
				DEVELOPMENT_TEAM = Q65RWG7K4X;
				GENERATE_INFOPLIST_FILE = YES;
				IPHONEOS_DEPLOYMENT_TARGET = 18.0;
				MARKETING_VERSION = 1.0;
				PRODUCT_BUNDLE_IDENTIFIER = co.com.pinkpork.WebSocketTests;
				PRODUCT_NAME = "$(TARGET_NAME)";
				SWIFT_EMIT_LOC_STRINGS = NO;
				SWIFT_VERSION = 5.0;
				TARGETED_DEVICE_FAMILY = "1,2";
				TEST_HOST = "$(BUILT_PRODUCTS_DIR)/WebSocket.app/$(BUNDLE_EXECUTABLE_FOLDER_PATH)/WebSocket";
			};
			name = Debug;
		};
		A06D8BE22CACCB1E005E3909 /* Release */ = {
			isa = XCBuildConfiguration;
			buildSettings = {
				BUNDLE_LOADER = "$(TEST_HOST)";
				CODE_SIGN_STYLE = Automatic;
				CURRENT_PROJECT_VERSION = 1;
				DEVELOPMENT_TEAM = Q65RWG7K4X;
				GENERATE_INFOPLIST_FILE = YES;
				IPHONEOS_DEPLOYMENT_TARGET = 18.0;
				MARKETING_VERSION = 1.0;
				PRODUCT_BUNDLE_IDENTIFIER = co.com.pinkpork.WebSocketTests;
				PRODUCT_NAME = "$(TARGET_NAME)";
				SWIFT_EMIT_LOC_STRINGS = NO;
				SWIFT_VERSION = 5.0;
				TARGETED_DEVICE_FAMILY = "1,2";
				TEST_HOST = "$(BUILT_PRODUCTS_DIR)/WebSocket.app/$(BUNDLE_EXECUTABLE_FOLDER_PATH)/WebSocket";
			};
			name = Release;
		};
		A06D8BE42CACCB1E005E3909 /* Debug */ = {
			isa = XCBuildConfiguration;
			buildSettings = {
				CODE_SIGN_STYLE = Automatic;
				CURRENT_PROJECT_VERSION = 1;
				DEVELOPMENT_TEAM = Q65RWG7K4X;
				GENERATE_INFOPLIST_FILE = YES;
				MARKETING_VERSION = 1.0;
				PRODUCT_BUNDLE_IDENTIFIER = co.com.pinkpork.WebSocketUITests;
				PRODUCT_NAME = "$(TARGET_NAME)";
				SWIFT_EMIT_LOC_STRINGS = NO;
				SWIFT_VERSION = 5.0;
				TARGETED_DEVICE_FAMILY = "1,2";
				TEST_TARGET_NAME = WebSocket;
			};
			name = Debug;
		};
		A06D8BE52CACCB1E005E3909 /* Release */ = {
			isa = XCBuildConfiguration;
			buildSettings = {
				CODE_SIGN_STYLE = Automatic;
				CURRENT_PROJECT_VERSION = 1;
				DEVELOPMENT_TEAM = Q65RWG7K4X;
				GENERATE_INFOPLIST_FILE = YES;
				MARKETING_VERSION = 1.0;
				PRODUCT_BUNDLE_IDENTIFIER = co.com.pinkpork.WebSocketUITests;
				PRODUCT_NAME = "$(TARGET_NAME)";
				SWIFT_EMIT_LOC_STRINGS = NO;
				SWIFT_VERSION = 5.0;
				TARGETED_DEVICE_FAMILY = "1,2";
				TEST_TARGET_NAME = WebSocket;
			};
			name = Release;
		};
/* End XCBuildConfiguration section */

/* Begin XCConfigurationList section */
		A06D8BB42CACCB1B005E3909 /* Build configuration list for PBXProject "WebSocket" */ = {
			isa = XCConfigurationList;
			buildConfigurations = (
				A06D8BDB2CACCB1E005E3909 /* Debug */,
				A06D8BDC2CACCB1E005E3909 /* Release */,
			);
			defaultConfigurationIsVisible = 0;
			defaultConfigurationName = Release;
		};
		A06D8BDD2CACCB1E005E3909 /* Build configuration list for PBXNativeTarget "WebSocket" */ = {
			isa = XCConfigurationList;
			buildConfigurations = (
				A06D8BDE2CACCB1E005E3909 /* Debug */,
				A06D8BDF2CACCB1E005E3909 /* Release */,
			);
			defaultConfigurationIsVisible = 0;
			defaultConfigurationName = Release;
		};
		A06D8BE02CACCB1E005E3909 /* Build configuration list for PBXNativeTarget "WebSocketTests" */ = {
			isa = XCConfigurationList;
			buildConfigurations = (
				A06D8BE12CACCB1E005E3909 /* Debug */,
				A06D8BE22CACCB1E005E3909 /* Release */,
			);
			defaultConfigurationIsVisible = 0;
			defaultConfigurationName = Release;
		};
		A06D8BE32CACCB1E005E3909 /* Build configuration list for PBXNativeTarget "WebSocketUITests" */ = {
			isa = XCConfigurationList;
			buildConfigurations = (
				A06D8BE42CACCB1E005E3909 /* Debug */,
				A06D8BE52CACCB1E005E3909 /* Release */,
			);
			defaultConfigurationIsVisible = 0;
			defaultConfigurationName = Release;
		};
/* End XCConfigurationList section */

/* Begin XCSwiftPackageProductDependency section */
		A09F1DA92CACF8DC00F9AE7F /* WebSocketApp */ = {
			isa = XCSwiftPackageProductDependency;
			productName = WebSocketApp;
		};
/* End XCSwiftPackageProductDependency section */
	};
	rootObject = A06D8BB12CACCB1B005E3909 /* Project object */;
}
